
Microsoft Visual Studio Solution File, Format Version 12.00
# Visual Studio Version 16
VisualStudioVersion = 16.0.30907.101
MinimumVisualStudioVersion = 10.0.40219.1
Project("{9A19103F-16F7-4668-BE54-9A1E7A4F7556}") = "eCartServer", "eCartServer\eCartServer.csproj", "{2F8F3CD9-3106-4252-A092-D260BF960EB3}"
EndProject
Project("{9A19103F-16F7-4668-BE54-9A1E7A4F7556}") = "eCartContracts", "eCartContracts\eCartContracts.csproj", "{BB0177FA-F44E-4B1A-B507-5EB26C0257D1}"
EndProject
Project("{9A19103F-16F7-4668-BE54-9A1E7A4F7556}") = "eCartServices", "eCartServices\eCartServices.csproj", "{E3934D8E-8273-4A84-A407-AD427696B6B4}"
EndProject
Project("{9A19103F-16F7-4668-BE54-9A1E7A4F7556}") = "eCartDtos", "eCartDtos\eCartDtos.csproj", "{486964D5-44AA-46D2-BC65-5B36324B8D6F}"
EndProject
Project("{9A19103F-16F7-4668-BE54-9A1E7A4F7556}") = "eCartDAL", "eCartDAL\eCartDAL.csproj", "{872A5873-DF73-4663-AC7D-1943F66E54F0}"
EndProject
Project("{FAE04EC0-301F-11D3-BF4B-00C04F79EFBC}") = "eCartRepository", "eCartRepository\eCartRepository.csproj", "{7C2B4F68-8567-4101-8CF7-B88FF9D36423}"
EndProject
Global
	GlobalSection(SolutionConfigurationPlatforms) = preSolution
		Debug|Any CPU = Debug|Any CPU
		Release|Any CPU = Release|Any CPU
	EndGlobalSection
	GlobalSection(ProjectConfigurationPlatforms) = postSolution
		{2F8F3CD9-3106-4252-A092-D260BF960EB3}.Debug|Any CPU.ActiveCfg = Debug|Any CPU
		{2F8F3CD9-3106-4252-A092-D260BF960EB3}.Debug|Any CPU.Build.0 = Debug|Any CPU
		{2F8F3CD9-3106-4252-A092-D260BF960EB3}.Release|Any CPU.ActiveCfg = Release|Any CPU
		{2F8F3CD9-3106-4252-A092-D260BF960EB3}.Release|Any CPU.Build.0 = Release|Any CPU
		{BB0177FA-F44E-4B1A-B507-5EB26C0257D1}.Debug|Any CPU.ActiveCfg = Debug|Any CPU
		{BB0177FA-F44E-4B1A-B507-5EB26C0257D1}.Debug|Any CPU.Build.0 = Debug|Any CPU
		{BB0177FA-F44E-4B1A-B507-5EB26C0257D1}.Release|Any CPU.ActiveCfg = Release|Any CPU
		{BB0177FA-F44E-4B1A-B507-5EB26C0257D1}.Release|Any CPU.Build.0 = Release|Any CPU
		{E3934D8E-8273-4A84-A407-AD427696B6B4}.Debug|Any CPU.ActiveCfg = Debug|Any CPU
		{E3934D8E-8273-4A84-A407-AD427696B6B4}.Debug|Any CPU.Build.0 = Debug|Any CPU
		{E3934D8E-8273-4A84-A407-AD427696B6B4}.Release|Any CPU.ActiveCfg = Release|Any CPU
		{E3934D8E-8273-4A84-A407-AD427696B6B4}.Release|Any CPU.Build.0 = Release|Any CPU
		{486964D5-44AA-46D2-BC65-5B36324B8D6F}.Debug|Any CPU.ActiveCfg = Debug|Any CPU
		{486964D5-44AA-46D2-BC65-5B36324B8D6F}.Debug|Any CPU.Build.0 = Debug|Any CPU
		{486964D5-44AA-46D2-BC65-5B36324B8D6F}.Release|Any CPU.ActiveCfg = Release|Any CPU
		{486964D5-44AA-46D2-BC65-5B36324B8D6F}.Release|Any CPU.Build.0 = Release|Any CPU
		{872A5873-DF73-4663-AC7D-1943F66E54F0}.Debug|Any CPU.ActiveCfg = Debug|Any CPU
		{872A5873-DF73-4663-AC7D-1943F66E54F0}.Debug|Any CPU.Build.0 = Debug|Any CPU
		{872A5873-DF73-4663-AC7D-1943F66E54F0}.Release|Any CPU.ActiveCfg = Release|Any CPU
		{872A5873-DF73-4663-AC7D-1943F66E54F0}.Release|Any CPU.Build.0 = Release|Any CPU
		{7C2B4F68-8567-4101-8CF7-B88FF9D36423}.Debug|Any CPU.ActiveCfg = Debug|Any CPU
		{7C2B4F68-8567-4101-8CF7-B88FF9D36423}.Debug|Any CPU.Build.0 = Debug|Any CPU
		{7C2B4F68-8567-4101-8CF7-B88FF9D36423}.Release|Any CPU.ActiveCfg = Release|Any CPU
		{7C2B4F68-8567-4101-8CF7-B88FF9D36423}.Release|Any CPU.Build.0 = Release|Any CPU
	EndGlobalSection
	GlobalSection(SolutionProperties) = preSolution
		HideSolutionNode = FALSE
	EndGlobalSection
	GlobalSection(ExtensibilityGlobals) = postSolution
		SolutionGuid = {0E6D84A3-72A6-4D97-910A-C6C121DDEDF9}
	EndGlobalSection
EndGlobal
